// !$*UTF8*$!
{
	archiveVersion = 1;
	classes = {
	};
	objectVersion = 46;
	objects = {

/* Begin PBXBuildFile section */
		CE2256591CC9057500C5E72E /* TransactionsManager.m in Sources */ = {isa = PBXBuildFile; fileRef = CE2256581CC9057500C5E72E /* TransactionsManager.m */; };
		CE243BF01CE07A470082FF8C /* background@2x.jpg in Resources */ = {isa = PBXBuildFile; fileRef = CE243BEF1CE07A470082FF8C /* background@2x.jpg */; };
		CE243BF21CE0893B0082FF8C /* login_background@2x.png in Resources */ = {isa = PBXBuildFile; fileRef = CE243BF11CE0893B0082FF8C /* login_background@2x.png */; };
		CE5A00081CBF863B005C8F58 /* SafePocketUITests.m in Sources */ = {isa = PBXBuildFile; fileRef = CE5A00071CBF863B005C8F58 /* SafePocketUITests.m */; };
		CE5AFFE11CBF863B005C8F58 /* main.m in Sources */ = {isa = PBXBuildFile; fileRef = CE5AFFE01CBF863B005C8F58 /* main.m */; };
		CE5AFFE41CBF863B005C8F58 /* AppDelegate.m in Sources */ = {isa = PBXBuildFile; fileRef = CE5AFFE31CBF863B005C8F58 /* AppDelegate.m */; };
		CE5AFFE71CBF863B005C8F58 /* ViewController.m in Sources */ = {isa = PBXBuildFile; fileRef = CE5AFFE61CBF863B005C8F58 /* ViewController.m */; };
		CE5AFFEA1CBF863B005C8F58 /* Main.storyboard in Resources */ = {isa = PBXBuildFile; fileRef = CE5AFFE81CBF863B005C8F58 /* Main.storyboard */; };
		CE5AFFED1CBF863B005C8F58 /* SafePocket.xcdatamodeld in Sources */ = {isa = PBXBuildFile; fileRef = CE5AFFEB1CBF863B005C8F58 /* SafePocket.xcdatamodeld */; };
		CE5AFFEF1CBF863B005C8F58 /* Assets.xcassets in Resources */ = {isa = PBXBuildFile; fileRef = CE5AFFEE1CBF863B005C8F58 /* Assets.xcassets */; };
		CE5AFFF21CBF863B005C8F58 /* LaunchScreen.storyboard in Resources */ = {isa = PBXBuildFile; fileRef = CE5AFFF01CBF863B005C8F58 /* LaunchScreen.storyboard */; };
		CE5AFFFD1CBF863B005C8F58 /* SafePocketTests.m in Sources */ = {isa = PBXBuildFile; fileRef = CE5AFFFC1CBF863B005C8F58 /* SafePocketTests.m */; };
		CE5DAF0F1CC4C06000EA2DAE /* LocalAuthentication.framework in Frameworks */ = {isa = PBXBuildFile; fileRef = CE5DAF0E1CC4C06000EA2DAE /* LocalAuthentication.framework */; };
		CE5DAF121CC4C76700EA2DAE /* LoginViewController.m in Sources */ = {isa = PBXBuildFile; fileRef = CE5DAF111CC4C76700EA2DAE /* LoginViewController.m */; };
		CE5DAF141CC4CE1B00EA2DAE /* fingerprint@2x.png in Resources */ = {isa = PBXBuildFile; fileRef = CE5DAF131CC4CE1B00EA2DAE /* fingerprint@2x.png */; };
		CE5DAF161CC4CFD100EA2DAE /* down@2x.png in Resources */ = {isa = PBXBuildFile; fileRef = CE5DAF151CC4CFD100EA2DAE /* down@2x.png */; };
		CE5DAF1A1CC4D70800EA2DAE /* TransactionsViewController.m in Sources */ = {isa = PBXBuildFile; fileRef = CE5DAF191CC4D70800EA2DAE /* TransactionsViewController.m */; };
		CEF9C3401CC4ACBC0024FBE6 /* logo_p@2x.jpg in Resources */ = {isa = PBXBuildFile; fileRef = CEF9C33F1CC4ACBC0024FBE6 /* logo_p@2x.jpg */; };
		CEF9C3421CC4ACE50024FBE6 /* logo_aci@2x.png in Resources */ = {isa = PBXBuildFile; fileRef = CEF9C3411CC4ACE50024FBE6 /* logo_aci@2x.png */; };
/* End PBXBuildFile section */

/* Begin PBXContainerItemProxy section */
		CE5A00041CBF863B005C8F58 /* PBXContainerItemProxy */ = {
			isa = PBXContainerItemProxy;
			containerPortal = CE5AFFD41CBF863B005C8F58 /* Project object */;
			proxyType = 1;
			remoteGlobalIDString = CE5AFFDB1CBF863B005C8F58;
			remoteInfo = SafePocket;
		};
		CE5AFFF91CBF863B005C8F58 /* PBXContainerItemProxy */ = {
			isa = PBXContainerItemProxy;
			containerPortal = CE5AFFD41CBF863B005C8F58 /* Project object */;
			proxyType = 1;
			remoteGlobalIDString = CE5AFFDB1CBF863B005C8F58;
			remoteInfo = SafePocket;
		};
/* End PBXContainerItemProxy section */

/* Begin PBXFileReference section */
		CE2256571CC9057500C5E72E /* TransactionsManager.h */ = {isa = PBXFileReference; fileEncoding = 4; lastKnownFileType = sourcecode.c.h; name = TransactionsManager.h; path = Transactions/TransactionsManager.h; sourceTree = "<group>"; };
		CE2256581CC9057500C5E72E /* TransactionsManager.m */ = {isa = PBXFileReference; fileEncoding = 4; lastKnownFileType = sourcecode.c.objc; name = TransactionsManager.m; path = Transactions/TransactionsManager.m; sourceTree = "<group>"; };
		CE243BEF1CE07A470082FF8C /* background@2x.jpg */ = {isa = PBXFileReference; lastKnownFileType = image.jpeg; path = "background@2x.jpg"; sourceTree = "<group>"; };
		CE243BF11CE0893B0082FF8C /* login_background@2x.png */ = {isa = PBXFileReference; lastKnownFileType = image.png; path = "login_background@2x.png"; sourceTree = "<group>"; };
		CE5A00031CBF863B005C8F58 /* SafePocketUITests.xctest */ = {isa = PBXFileReference; explicitFileType = wrapper.cfbundle; includeInIndex = 0; path = SafePocketUITests.xctest; sourceTree = BUILT_PRODUCTS_DIR; };
		CE5A00071CBF863B005C8F58 /* SafePocketUITests.m */ = {isa = PBXFileReference; lastKnownFileType = sourcecode.c.objc; path = SafePocketUITests.m; sourceTree = "<group>"; };
		CE5A00091CBF863B005C8F58 /* Info.plist */ = {isa = PBXFileReference; lastKnownFileType = text.plist.xml; path = Info.plist; sourceTree = "<group>"; };
		CE5AFFDC1CBF863B005C8F58 /* SafePocket.app */ = {isa = PBXFileReference; explicitFileType = wrapper.application; includeInIndex = 0; path = SafePocket.app; sourceTree = BUILT_PRODUCTS_DIR; };
		CE5AFFE01CBF863B005C8F58 /* main.m */ = {isa = PBXFileReference; lastKnownFileType = sourcecode.c.objc; path = main.m; sourceTree = "<group>"; };
		CE5AFFE21CBF863B005C8F58 /* AppDelegate.h */ = {isa = PBXFileReference; lastKnownFileType = sourcecode.c.h; path = AppDelegate.h; sourceTree = "<group>"; };
		CE5AFFE31CBF863B005C8F58 /* AppDelegate.m */ = {isa = PBXFileReference; lastKnownFileType = sourcecode.c.objc; path = AppDelegate.m; sourceTree = "<group>"; };
		CE5AFFE51CBF863B005C8F58 /* ViewController.h */ = {isa = PBXFileReference; lastKnownFileType = sourcecode.c.h; path = ViewController.h; sourceTree = "<group>"; };
		CE5AFFE61CBF863B005C8F58 /* ViewController.m */ = {isa = PBXFileReference; lastKnownFileType = sourcecode.c.objc; path = ViewController.m; sourceTree = "<group>"; };
		CE5AFFE91CBF863B005C8F58 /* Base */ = {isa = PBXFileReference; lastKnownFileType = file.storyboard; name = Base; path = Base.lproj/Main.storyboard; sourceTree = "<group>"; };
		CE5AFFEC1CBF863B005C8F58 /* SafePocket.xcdatamodel */ = {isa = PBXFileReference; lastKnownFileType = wrapper.xcdatamodel; path = SafePocket.xcdatamodel; sourceTree = "<group>"; };
		CE5AFFEE1CBF863B005C8F58 /* Assets.xcassets */ = {isa = PBXFileReference; lastKnownFileType = folder.assetcatalog; path = Assets.xcassets; sourceTree = "<group>"; };
		CE5AFFF11CBF863B005C8F58 /* Base */ = {isa = PBXFileReference; lastKnownFileType = file.storyboard; name = Base; path = Base.lproj/LaunchScreen.storyboard; sourceTree = "<group>"; };
		CE5AFFF31CBF863B005C8F58 /* Info.plist */ = {isa = PBXFileReference; lastKnownFileType = text.plist.xml; path = Info.plist; sourceTree = "<group>"; };
		CE5AFFF81CBF863B005C8F58 /* SafePocketTests.xctest */ = {isa = PBXFileReference; explicitFileType = wrapper.cfbundle; includeInIndex = 0; path = SafePocketTests.xctest; sourceTree = BUILT_PRODUCTS_DIR; };
		CE5AFFFC1CBF863B005C8F58 /* SafePocketTests.m */ = {isa = PBXFileReference; lastKnownFileType = sourcecode.c.objc; path = SafePocketTests.m; sourceTree = "<group>"; };
		CE5AFFFE1CBF863B005C8F58 /* Info.plist */ = {isa = PBXFileReference; lastKnownFileType = text.plist.xml; path = Info.plist; sourceTree = "<group>"; };
		CE5DAF0E1CC4C06000EA2DAE /* LocalAuthentication.framework */ = {isa = PBXFileReference; lastKnownFileType = wrapper.framework; name = LocalAuthentication.framework; path = System/Library/Frameworks/LocalAuthentication.framework; sourceTree = SDKROOT; };
		CE5DAF101CC4C76700EA2DAE /* LoginViewController.h */ = {isa = PBXFileReference; fileEncoding = 4; lastKnownFileType = sourcecode.c.h; name = LoginViewController.h; path = Authentication/LoginViewController.h; sourceTree = "<group>"; };
		CE5DAF111CC4C76700EA2DAE /* LoginViewController.m */ = {isa = PBXFileReference; fileEncoding = 4; lastKnownFileType = sourcecode.c.objc; name = LoginViewController.m; path = Authentication/LoginViewController.m; sourceTree = "<group>"; };
		CE5DAF131CC4CE1B00EA2DAE /* fingerprint@2x.png */ = {isa = PBXFileReference; lastKnownFileType = image.png; path = "fingerprint@2x.png"; sourceTree = "<group>"; };
		CE5DAF151CC4CFD100EA2DAE /* down@2x.png */ = {isa = PBXFileReference; lastKnownFileType = image.png; path = "down@2x.png"; sourceTree = "<group>"; };
		CE5DAF181CC4D70800EA2DAE /* TransactionsViewController.h */ = {isa = PBXFileReference; fileEncoding = 4; lastKnownFileType = sourcecode.c.h; name = TransactionsViewController.h; path = Transactions/TransactionsViewController.h; sourceTree = "<group>"; };
		CE5DAF191CC4D70800EA2DAE /* TransactionsViewController.m */ = {isa = PBXFileReference; fileEncoding = 4; lastKnownFileType = sourcecode.c.objc; name = TransactionsViewController.m; path = Transactions/TransactionsViewController.m; sourceTree = "<group>"; };
		CEF9C33F1CC4ACBC0024FBE6 /* logo_p@2x.jpg */ = {isa = PBXFileReference; lastKnownFileType = image.jpeg; path = "logo_p@2x.jpg"; sourceTree = "<group>"; };
		CEF9C3411CC4ACE50024FBE6 /* logo_aci@2x.png */ = {isa = PBXFileReference; lastKnownFileType = image.png; path = "logo_aci@2x.png"; sourceTree = "<group>"; };
/* End PBXFileReference section */

/* Begin PBXFrameworksBuildPhase section */
		CE5A00001CBF863B005C8F58 /* Frameworks */ = {
			isa = PBXFrameworksBuildPhase;
			buildActionMask = 2147483647;
			files = (
			);
			runOnlyForDeploymentPostprocessing = 0;
		};
		CE5AFFD91CBF863B005C8F58 /* Frameworks */ = {
			isa = PBXFrameworksBuildPhase;
			buildActionMask = 2147483647;
			files = (
				CE5DAF0F1CC4C06000EA2DAE /* LocalAuthentication.framework in Frameworks */,
			);
			runOnlyForDeploymentPostprocessing = 0;
		};
		CE5AFFF51CBF863B005C8F58 /* Frameworks */ = {
			isa = PBXFrameworksBuildPhase;
			buildActionMask = 2147483647;
			files = (
			);
			runOnlyForDeploymentPostprocessing = 0;
		};
/* End PBXFrameworksBuildPhase section */

/* Begin PBXGroup section */
		CE5A00061CBF863B005C8F58 /* SafePocketUITests */ = {
			isa = PBXGroup;
			children = (
				CE5A00071CBF863B005C8F58 /* SafePocketUITests.m */,
				CE5A00091CBF863B005C8F58 /* Info.plist */,
			);
			path = SafePocketUITests;
			sourceTree = "<group>";
		};
		CE5AFFD31CBF863B005C8F58 = {
			isa = PBXGroup;
			children = (
				CE5DAF0E1CC4C06000EA2DAE /* LocalAuthentication.framework */,
				CE5AFFDE1CBF863B005C8F58 /* SafePocket */,
				CE5AFFFB1CBF863B005C8F58 /* SafePocketTests */,
				CE5A00061CBF863B005C8F58 /* SafePocketUITests */,
				CE5AFFDD1CBF863B005C8F58 /* Products */,
			);
			sourceTree = "<group>";
		};
		CE5AFFDD1CBF863B005C8F58 /* Products */ = {
			isa = PBXGroup;
			children = (
				CE5AFFDC1CBF863B005C8F58 /* SafePocket.app */,
				CE5AFFF81CBF863B005C8F58 /* SafePocketTests.xctest */,
				CE5A00031CBF863B005C8F58 /* SafePocketUITests.xctest */,
			);
			name = Products;
			sourceTree = "<group>";
		};
		CE5AFFDE1CBF863B005C8F58 /* SafePocket */ = {
			isa = PBXGroup;
			children = (
				CE5DAF171CC4D6EB00EA2DAE /* Transactions */,
				CE5DAF0D1CC4BC9C00EA2DAE /* Authentication */,
				CE5AFFE21CBF863B005C8F58 /* AppDelegate.h */,
				CE5AFFE31CBF863B005C8F58 /* AppDelegate.m */,
				CE5AFFE51CBF863B005C8F58 /* ViewController.h */,
				CE5AFFE61CBF863B005C8F58 /* ViewController.m */,
				CE5AFFE81CBF863B005C8F58 /* Main.storyboard */,
				CE5AFFEE1CBF863B005C8F58 /* Assets.xcassets */,
				CE5AFFF01CBF863B005C8F58 /* LaunchScreen.storyboard */,
				CE5AFFF31CBF863B005C8F58 /* Info.plist */,
				CE5AFFEB1CBF863B005C8F58 /* SafePocket.xcdatamodeld */,
				CE5AFFDF1CBF863B005C8F58 /* Supporting Files */,
			);
			path = SafePocket;
			sourceTree = "<group>";
		};
		CE5AFFDF1CBF863B005C8F58 /* Supporting Files */ = {
			isa = PBXGroup;
			children = (
				CEF9C33E1CC4AC390024FBE6 /* UIResources */,
				CE5AFFE01CBF863B005C8F58 /* main.m */,
			);
			name = "Supporting Files";
			sourceTree = "<group>";
		};
		CE5AFFFB1CBF863B005C8F58 /* SafePocketTests */ = {
			isa = PBXGroup;
			children = (
				CE5AFFFC1CBF863B005C8F58 /* SafePocketTests.m */,
				CE5AFFFE1CBF863B005C8F58 /* Info.plist */,
			);
			path = SafePocketTests;
			sourceTree = "<group>";
		};
		CE5DAF0D1CC4BC9C00EA2DAE /* Authentication */ = {
			isa = PBXGroup;
			children = (
				CE5DAF101CC4C76700EA2DAE /* LoginViewController.h */,
				CE5DAF111CC4C76700EA2DAE /* LoginViewController.m */,
			);
			name = Authentication;
			sourceTree = "<group>";
		};
		CE5DAF171CC4D6EB00EA2DAE /* Transactions */ = {
			isa = PBXGroup;
			children = (
				CE5DAF181CC4D70800EA2DAE /* TransactionsViewController.h */,
				CE5DAF191CC4D70800EA2DAE /* TransactionsViewController.m */,
				CE2256571CC9057500C5E72E /* TransactionsManager.h */,
				CE2256581CC9057500C5E72E /* TransactionsManager.m */,
			);
			name = Transactions;
			sourceTree = "<group>";
		};
		CEF9C33E1CC4AC390024FBE6 /* UIResources */ = {
			isa = PBXGroup;
			children = (
				CE243BF11CE0893B0082FF8C /* login_background@2x.png */,
				CE243BEF1CE07A470082FF8C /* background@2x.jpg */,
				CE5DAF151CC4CFD100EA2DAE /* down@2x.png */,
				CE5DAF131CC4CE1B00EA2DAE /* fingerprint@2x.png */,
				CEF9C3411CC4ACE50024FBE6 /* logo_aci@2x.png */,
				CEF9C33F1CC4ACBC0024FBE6 /* logo_p@2x.jpg */,
			);
			name = UIResources;
			sourceTree = "<group>";
		};
/* End PBXGroup section */

/* Begin PBXNativeTarget section */
		CE5A00021CBF863B005C8F58 /* SafePocketUITests */ = {
			isa = PBXNativeTarget;
			buildConfigurationList = CE5A00121CBF863B005C8F58 /* Build configuration list for PBXNativeTarget "SafePocketUITests" */;
			buildPhases = (
				CE5AFFFF1CBF863B005C8F58 /* Sources */,
				CE5A00001CBF863B005C8F58 /* Frameworks */,
				CE5A00011CBF863B005C8F58 /* Resources */,
			);
			buildRules = (
			);
			dependencies = (
				CE5A00051CBF863B005C8F58 /* PBXTargetDependency */,
			);
			name = SafePocketUITests;
			productName = SafePocketUITests;
			productReference = CE5A00031CBF863B005C8F58 /* SafePocketUITests.xctest */;
			productType = "com.apple.product-type.bundle.ui-testing";
		};
		CE5AFFDB1CBF863B005C8F58 /* SafePocket */ = {
			isa = PBXNativeTarget;
			buildConfigurationList = CE5A000C1CBF863B005C8F58 /* Build configuration list for PBXNativeTarget "SafePocket" */;
			buildPhases = (
				CE5AFFD81CBF863B005C8F58 /* Sources */,
				CE5AFFD91CBF863B005C8F58 /* Frameworks */,
				CE5AFFDA1CBF863B005C8F58 /* Resources */,
			);
			buildRules = (
			);
			dependencies = (
			);
			name = SafePocket;
			productName = SafePocket;
			productReference = CE5AFFDC1CBF863B005C8F58 /* SafePocket.app */;
			productType = "com.apple.product-type.application";
		};
		CE5AFFF71CBF863B005C8F58 /* SafePocketTests */ = {
			isa = PBXNativeTarget;
			buildConfigurationList = CE5A000F1CBF863B005C8F58 /* Build configuration list for PBXNativeTarget "SafePocketTests" */;
			buildPhases = (
				CE5AFFF41CBF863B005C8F58 /* Sources */,
				CE5AFFF51CBF863B005C8F58 /* Frameworks */,
				CE5AFFF61CBF863B005C8F58 /* Resources */,
			);
			buildRules = (
			);
			dependencies = (
				CE5AFFFA1CBF863B005C8F58 /* PBXTargetDependency */,
			);
			name = SafePocketTests;
			productName = SafePocketTests;
			productReference = CE5AFFF81CBF863B005C8F58 /* SafePocketTests.xctest */;
			productType = "com.apple.product-type.bundle.unit-test";
		};
/* End PBXNativeTarget section */

/* Begin PBXProject section */
		CE5AFFD41CBF863B005C8F58 /* Project object */ = {
			isa = PBXProject;
			attributes = {
				LastUpgradeCheck = 0730;
				ORGANIZATIONNAME = "Lucian Todorovici";
				TargetAttributes = {
					CE5A00021CBF863B005C8F58 = {
						CreatedOnToolsVersion = 7.3;
						TestTargetID = CE5AFFDB1CBF863B005C8F58;
					};
					CE5AFFDB1CBF863B005C8F58 = {
						CreatedOnToolsVersion = 7.3;
						DevelopmentTeam = L87LYZ5K72;
					};
					CE5AFFF71CBF863B005C8F58 = {
						CreatedOnToolsVersion = 7.3;
						TestTargetID = CE5AFFDB1CBF863B005C8F58;
					};
				};
			};
			buildConfigurationList = CE5AFFD71CBF863B005C8F58 /* Build configuration list for PBXProject "SafePocket" */;
			compatibilityVersion = "Xcode 3.2";
			developmentRegion = English;
			hasScannedForEncodings = 0;
			knownRegions = (
				en,
				Base,
			);
			mainGroup = CE5AFFD31CBF863B005C8F58;
			productRefGroup = CE5AFFDD1CBF863B005C8F58 /* Products */;
			projectDirPath = "";
			projectRoot = "";
			targets = (
				CE5AFFDB1CBF863B005C8F58 /* SafePocket */,
				CE5AFFF71CBF863B005C8F58 /* SafePocketTests */,
				CE5A00021CBF863B005C8F58 /* SafePocketUITests */,
			);
		};
/* End PBXProject section */

/* Begin PBXResourcesBuildPhase section */
		CE5A00011CBF863B005C8F58 /* Resources */ = {
			isa = PBXResourcesBuildPhase;
			buildActionMask = 2147483647;
			files = (
			);
			runOnlyForDeploymentPostprocessing = 0;
		};
		CE5AFFDA1CBF863B005C8F58 /* Resources */ = {
			isa = PBXResourcesBuildPhase;
			buildActionMask = 2147483647;
			files = (
				CE5AFFF21CBF863B005C8F58 /* LaunchScreen.storyboard in Resources */,
				CE5DAF141CC4CE1B00EA2DAE /* fingerprint@2x.png in Resources */,
				CE243BF01CE07A470082FF8C /* background@2x.jpg in Resources */,
				CE5AFFEF1CBF863B005C8F58 /* Assets.xcassets in Resources */,
				CEF9C3421CC4ACE50024FBE6 /* logo_aci@2x.png in Resources */,
				CE5DAF161CC4CFD100EA2DAE /* down@2x.png in Resources */,
				CEF9C3401CC4ACBC0024FBE6 /* logo_p@2x.jpg in Resources */,
				CE243BF21CE0893B0082FF8C /* login_background@2x.png in Resources */,
				CE5AFFEA1CBF863B005C8F58 /* Main.storyboard in Resources */,
			);
			runOnlyForDeploymentPostprocessing = 0;
		};
		CE5AFFF61CBF863B005C8F58 /* Resources */ = {
			isa = PBXResourcesBuildPhase;
			buildActionMask = 2147483647;
			files = (
			);
			runOnlyForDeploymentPostprocessing = 0;
		};
/* End PBXResourcesBuildPhase section */

/* Begin PBXSourcesBuildPhase section */
		CE5AFFD81CBF863B005C8F58 /* Sources */ = {
			isa = PBXSourcesBuildPhase;
			buildActionMask = 2147483647;
			files = (
				CE5AFFED1CBF863B005C8F58 /* SafePocket.xcdatamodeld in Sources */,
				CE5DAF1A1CC4D70800EA2DAE /* TransactionsViewController.m in Sources */,
				CE5AFFE71CBF863B005C8F58 /* ViewController.m in Sources */,
				CE5AFFE41CBF863B005C8F58 /* AppDelegate.m in Sources */,
				CE5AFFE11CBF863B005C8F58 /* main.m in Sources */,
				CE2256591CC9057500C5E72E /* TransactionsManager.m in Sources */,
				CE5DAF121CC4C76700EA2DAE /* LoginViewController.m in Sources */,
			);
			runOnlyForDeploymentPostprocessing = 0;
		};
		CE5AFFF41CBF863B005C8F58 /* Sources */ = {
			isa = PBXSourcesBuildPhase;
			buildActionMask = 2147483647;
			files = (
				CE5AFFFD1CBF863B005C8F58 /* SafePocketTests.m in Sources */,
			);
			runOnlyForDeploymentPostprocessing = 0;
		};
		CE5AFFFF1CBF863B005C8F58 /* Sources */ = {
			isa = PBXSourcesBuildPhase;
			buildActionMask = 2147483647;
			files = (
				CE5A00081CBF863B005C8F58 /* SafePocketUITests.m in Sources */,
			);
			runOnlyForDeploymentPostprocessing = 0;
		};
/* End PBXSourcesBuildPhase section */

/* Begin PBXTargetDependency section */
		CE5A00051CBF863B005C8F58 /* PBXTargetDependency */ = {
			isa = PBXTargetDependency;
			target = CE5AFFDB1CBF863B005C8F58 /* SafePocket */;
			targetProxy = CE5A00041CBF863B005C8F58 /* PBXContainerItemProxy */;
		};
		CE5AFFFA1CBF863B005C8F58 /* PBXTargetDependency */ = {
			isa = PBXTargetDependency;
			target = CE5AFFDB1CBF863B005C8F58 /* SafePocket */;
			targetProxy = CE5AFFF91CBF863B005C8F58 /* PBXContainerItemProxy */;
		};
/* End PBXTargetDependency section */

/* Begin PBXVariantGroup section */
		CE5AFFE81CBF863B005C8F58 /* Main.storyboard */ = {
			isa = PBXVariantGroup;
			children = (
				CE5AFFE91CBF863B005C8F58 /* Base */,
			);
			name = Main.storyboard;
			sourceTree = "<group>";
		};
		CE5AFFF01CBF863B005C8F58 /* LaunchScreen.storyboard */ = {
			isa = PBXVariantGroup;
			children = (
				CE5AFFF11CBF863B005C8F58 /* Base */,
			);
			name = LaunchScreen.storyboard;
			sourceTree = "<group>";
		};
/* End PBXVariantGroup section */

/* Begin XCBuildConfiguration section */
		CE5A000A1CBF863B005C8F58 /* Debug */ = {
			isa = XCBuildConfiguration;
			buildSettings = {
				ALWAYS_SEARCH_USER_PATHS = NO;
				CLANG_ANALYZER_NONNULL = YES;
				CLANG_CXX_LANGUAGE_STANDARD = "gnu++0x";
				CLANG_CXX_LIBRARY = "libc++";
				CLANG_ENABLE_MODULES = YES;
				CLANG_ENABLE_OBJC_ARC = YES;
				CLANG_WARN_BOOL_CONVERSION = YES;
				CLANG_WARN_CONSTANT_CONVERSION = YES;
				CLANG_WARN_DIRECT_OBJC_ISA_USAGE = YES_ERROR;
				CLANG_WARN_EMPTY_BODY = YES;
				CLANG_WARN_ENUM_CONVERSION = YES;
				CLANG_WARN_INT_CONVERSION = YES;
				CLANG_WARN_OBJC_ROOT_CLASS = YES_ERROR;
				CLANG_WARN_UNREACHABLE_CODE = YES;
				CLANG_WARN__DUPLICATE_METHOD_MATCH = YES;
				"CODE_SIGN_IDENTITY[sdk=iphoneos*]" = "iPhone Developer";
				COPY_PHASE_STRIP = NO;
				DEBUG_INFORMATION_FORMAT = dwarf;
				ENABLE_STRICT_OBJC_MSGSEND = YES;
				ENABLE_TESTABILITY = YES;
				GCC_C_LANGUAGE_STANDARD = gnu99;
				GCC_DYNAMIC_NO_PIC = NO;
				GCC_NO_COMMON_BLOCKS = YES;
				GCC_OPTIMIZATION_LEVEL = 0;
				GCC_PREPROCESSOR_DEFINITIONS = (
					"DEBUG=1",
					"$(inherited)",
				);
				GCC_WARN_64_TO_32_BIT_CONVERSION = YES;
				GCC_WARN_ABOUT_RETURN_TYPE = YES_ERROR;
				GCC_WARN_UNDECLARED_SELECTOR = YES;
				GCC_WARN_UNINITIALIZED_AUTOS = YES_AGGRESSIVE;
				GCC_WARN_UNUSED_FUNCTION = YES;
				GCC_WARN_UNUSED_VARIABLE = YES;
				IPHONEOS_DEPLOYMENT_TARGET = 9.3;
				MTL_ENABLE_DEBUG_INFO = YES;
				ONLY_ACTIVE_ARCH = YES;
				SDKROOT = iphoneos;
			};
			name = Debug;
		};
		CE5A000B1CBF863B005C8F58 /* Release */ = {
			isa = XCBuildConfiguration;
			buildSettings = {
				ALWAYS_SEARCH_USER_PATHS = NO;
				CLANG_ANALYZER_NONNULL = YES;
				CLANG_CXX_LANGUAGE_STANDARD = "gnu++0x";
				CLANG_CXX_LIBRARY = "libc++";
				CLANG_ENABLE_MODULES = YES;
				CLANG_ENABLE_OBJC_ARC = YES;
				CLANG_WARN_BOOL_CONVERSION = YES;
				CLANG_WARN_CONSTANT_CONVERSION = YES;
				CLANG_WARN_DIRECT_OBJC_ISA_USAGE = YES_ERROR;
				CLANG_WARN_EMPTY_BODY = YES;
				CLANG_WARN_ENUM_CONVERSION = YES;
				CLANG_WARN_INT_CONVERSION = YES;
				CLANG_WARN_OBJC_ROOT_CLASS = YES_ERROR;
				CLANG_WARN_UNREACHABLE_CODE = YES;
				CLANG_WARN__DUPLICATE_METHOD_MATCH = YES;
				"CODE_SIGN_IDENTITY[sdk=iphoneos*]" = "iPhone Developer";
				COPY_PHASE_STRIP = NO;
				DEBUG_INFORMATION_FORMAT = "dwarf-with-dsym";
				ENABLE_NS_ASSERTIONS = NO;
				ENABLE_STRICT_OBJC_MSGSEND = YES;
				GCC_C_LANGUAGE_STANDARD = gnu99;
				GCC_NO_COMMON_BLOCKS = YES;
				GCC_WARN_64_TO_32_BIT_CONVERSION = YES;
				GCC_WARN_ABOUT_RETURN_TYPE = YES_ERROR;
				GCC_WARN_UNDECLARED_SELECTOR = YES;
				GCC_WARN_UNINITIALIZED_AUTOS = YES_AGGRESSIVE;
				GCC_WARN_UNUSED_FUNCTION = YES;
				GCC_WARN_UNUSED_VARIABLE = YES;
				IPHONEOS_DEPLOYMENT_TARGET = 9.3;
				MTL_ENABLE_DEBUG_INFO = NO;
				SDKROOT = iphoneos;
				VALIDATE_PRODUCT = YES;
			};
			name = Release;
		};
		CE5A000D1CBF863B005C8F58 /* Debug */ = {
			isa = XCBuildConfiguration;
			buildSettings = {
				ASSETCATALOG_COMPILER_APPICON_NAME = AppIcon;
				CODE_SIGN_IDENTITY = "iPhone Developer";
				"CODE_SIGN_IDENTITY[sdk=iphoneos*]" = "iPhone Developer";
				INFOPLIST_FILE = SafePocket/Info.plist;
				LD_RUNPATH_SEARCH_PATHS = "$(inherited) @executable_path/Frameworks";
				PRODUCT_BUNDLE_IDENTIFIER = com.too.SafePocket;
				PRODUCT_NAME = "$(TARGET_NAME)";
				PROVISIONING_PROFILE = "";
			};
			name = Debug;
		};
		CE5A000E1CBF863B005C8F58 /* Release */ = {
			isa = XCBuildConfiguration;
			buildSettings = {
				ASSETCATALOG_COMPILER_APPICON_NAME = AppIcon;
				CODE_SIGN_IDENTITY = "iPhone Developer";
				"CODE_SIGN_IDENTITY[sdk=iphoneos*]" = "iPhone Developer";
				INFOPLIST_FILE = SafePocket/Info.plist;
				LD_RUNPATH_SEARCH_PATHS = "$(inherited) @executable_path/Frameworks";
				PRODUCT_BUNDLE_IDENTIFIER = com.too.SafePocket;
				PRODUCT_NAME = "$(TARGET_NAME)";
				PROVISIONING_PROFILE = "";
			};
			name = Release;
		};
		CE5A00101CBF863B005C8F58 /* Debug */ = {
			isa = XCBuildConfiguration;
			buildSettings = {
				BUNDLE_LOADER = "$(TEST_HOST)";
				INFOPLIST_FILE = SafePocketTests/Info.plist;
				LD_RUNPATH_SEARCH_PATHS = "$(inherited) @executable_path/Frameworks @loader_path/Frameworks";
				PRODUCT_BUNDLE_IDENTIFIER = com.too.SafePocketTests;
				PRODUCT_NAME = "$(TARGET_NAME)";
				TEST_HOST = "$(BUILT_PRODUCTS_DIR)/SafePocket.app/SafePocket";
			};
			name = Debug;
		};
		CE5A00111CBF863B005C8F58 /* Release */ = {
			isa = XCBuildConfiguration;
			buildSettings = {
				BUNDLE_LOADER = "$(TEST_HOST)";
				INFOPLIST_FILE = SafePocketTests/Info.plist;
				LD_RUNPATH_SEARCH_PATHS = "$(inherited) @executable_path/Frameworks @loader_path/Frameworks";
				PRODUCT_BUNDLE_IDENTIFIER = com.too.SafePocketTests;
				PRODUCT_NAME = "$(TARGET_NAME)";
				TEST_HOST = "$(BUILT_PRODUCTS_DIR)/SafePocket.app/SafePocket";
			};
			name = Release;
		};
		CE5A00131CBF863B005C8F58 /* Debug */ = {
			isa = XCBuildConfiguration;
			buildSettings = {
				INFOPLIST_FILE = SafePocketUITests/Info.plist;
				LD_RUNPATH_SEARCH_PATHS = "$(inherited) @executable_path/Frameworks @loader_path/Frameworks";
				PRODUCT_BUNDLE_IDENTIFIER = com.too.SafePocketUITests;
				PRODUCT_NAME = "$(TARGET_NAME)";
				TEST_TARGET_NAME = SafePocket;
			};
			name = Debug;
		};
		CE5A00141CBF863B005C8F58 /* Release */ = {
			isa = XCBuildConfiguration;
			buildSettings = {
				INFOPLIST_FILE = SafePocketUITests/Info.plist;
				LD_RUNPATH_SEARCH_PATHS = "$(inherited) @executable_path/Frameworks @loader_path/Frameworks";
				PRODUCT_BUNDLE_IDENTIFIER = com.too.SafePocketUITests;
				PRODUCT_NAME = "$(TARGET_NAME)";
				TEST_TARGET_NAME = SafePocket;
			};
			name = Release;
		};
/* End XCBuildConfiguration section */

/* Begin XCConfigurationList section */
		CE5A000C1CBF863B005C8F58 /* Build configuration list for PBXNativeTarget "SafePocket" */ = {
			isa = XCConfigurationList;
			buildConfigurations = (
				CE5A000D1CBF863B005C8F58 /* Debug */,
				CE5A000E1CBF863B005C8F58 /* Release */,
			);
			defaultConfigurationIsVisible = 0;
			defaultConfigurationName = Release;
		};
		CE5A000F1CBF863B005C8F58 /* Build configuration list for PBXNativeTarget "SafePocketTests" */ = {
			isa = XCConfigurationList;
			buildConfigurations = (
				CE5A00101CBF863B005C8F58 /* Debug */,
				CE5A00111CBF863B005C8F58 /* Release */,
			);
			defaultConfigurationIsVisible = 0;
			defaultConfigurationName = Release;
		};
		CE5A00121CBF863B005C8F58 /* Build configuration list for PBXNativeTarget "SafePocketUITests" */ = {
			isa = XCConfigurationList;
			buildConfigurations = (
				CE5A00131CBF863B005C8F58 /* Debug */,
				CE5A00141CBF863B005C8F58 /* Release */,
			);
			defaultConfigurationIsVisible = 0;
			defaultConfigurationName = Release;
		};
		CE5AFFD71CBF863B005C8F58 /* Build configuration list for PBXProject "SafePocket" */ = {
			isa = XCConfigurationList;
			buildConfigurations = (
				CE5A000A1CBF863B005C8F58 /* Debug */,
				CE5A000B1CBF863B005C8F58 /* Release */,
			);
			defaultConfigurationIsVisible = 0;
			defaultConfigurationName = Release;
		};
/* End XCConfigurationList section */

/* Begin XCVersionGroup section */
		CE5AFFEB1CBF863B005C8F58 /* SafePocket.xcdatamodeld */ = {
			isa = XCVersionGroup;
			children = (
				CE5AFFEC1CBF863B005C8F58 /* SafePocket.xcdatamodel */,
			);
			currentVersion = CE5AFFEC1CBF863B005C8F58 /* SafePocket.xcdatamodel */;
			path = SafePocket.xcdatamodeld;
			sourceTree = "<group>";
			versionGroupType = wrapper.xcdatamodel;
		};
/* End XCVersionGroup section */
	};
	rootObject = CE5AFFD41CBF863B005C8F58 /* Project object */;
}
